// !$*UTF8*$!
{
	archiveVersion = 1;
	classes = {
	};
	objectVersion = 46;
	objects = {

/* Begin PBXBuildFile section */
		A931756015E9EDEA004FAC95 /* DLog.m in Sources */ = {isa = PBXBuildFile; fileRef = A931755F15E9EDEA004FAC95 /* DLog.m */; };
		A93E113E15EA066700133100 /* itFileVC.m in Sources */ = {isa = PBXBuildFile; fileRef = A93E113715EA066700133100 /* itFileVC.m */; };
		A93E113F15EA066700133100 /* itFileViewVC.m in Sources */ = {isa = PBXBuildFile; fileRef = A93E113915EA066700133100 /* itFileViewVC.m */; };
		A93E114015EA066700133100 /* itPDFVC.m in Sources */ = {isa = PBXBuildFile; fileRef = A93E113B15EA066700133100 /* itPDFVC.m */; };
		A93E114115EA066700133100 /* itVideoVC.m in Sources */ = {isa = PBXBuildFile; fileRef = A93E113D15EA066700133100 /* itVideoVC.m */; };
		A93E114C15EA07BD00133100 /* QuartzCore.framework in Frameworks */ = {isa = PBXBuildFile; fileRef = A93E114715EA07BD00133100 /* QuartzCore.framework */; };
		A93E114D15EA07BD00133100 /* AVFoundation.framework in Frameworks */ = {isa = PBXBuildFile; fileRef = A93E114815EA07BD00133100 /* AVFoundation.framework */; };
		A93E114E15EA07BD00133100 /* CoreVideo.framework in Frameworks */ = {isa = PBXBuildFile; fileRef = A93E114915EA07BD00133100 /* CoreVideo.framework */; };
		A93E114F15EA07BD00133100 /* CoreImage.framework in Frameworks */ = {isa = PBXBuildFile; fileRef = A93E114A15EA07BD00133100 /* CoreImage.framework */; };
		A93E115015EA07BD00133100 /* ImageIO.framework in Frameworks */ = {isa = PBXBuildFile; fileRef = A93E114B15EA07BD00133100 /* ImageIO.framework */; };
		A9A75E2815E9733D004BEC7D /* UIKit.framework in Frameworks */ = {isa = PBXBuildFile; fileRef = A9A75E2715E9733D004BEC7D /* UIKit.framework */; };
		A9A75E2A15E9733D004BEC7D /* Foundation.framework in Frameworks */ = {isa = PBXBuildFile; fileRef = A9A75E2915E9733D004BEC7D /* Foundation.framework */; };
		A9A75E2C15E9733D004BEC7D /* CoreGraphics.framework in Frameworks */ = {isa = PBXBuildFile; fileRef = A9A75E2B15E9733D004BEC7D /* CoreGraphics.framework */; };
		A9A75E3215E9733D004BEC7D /* InfoPlist.strings in Resources */ = {isa = PBXBuildFile; fileRef = A9A75E3015E9733D004BEC7D /* InfoPlist.strings */; };
		A9A75E3415E9733D004BEC7D /* main.m in Sources */ = {isa = PBXBuildFile; fileRef = A9A75E3315E9733D004BEC7D /* main.m */; };
		A9A75E3815E9733D004BEC7D /* tbAppDelegate.m in Sources */ = {isa = PBXBuildFile; fileRef = A9A75E3715E9733D004BEC7D /* tbAppDelegate.m */; };
		A9A75E3B15E9733D004BEC7D /* MainStoryboard_iPhone.storyboard in Resources */ = {isa = PBXBuildFile; fileRef = A9A75E3915E9733D004BEC7D /* MainStoryboard_iPhone.storyboard */; };
		A9A75E3E15E9733D004BEC7D /* MainStoryboard_iPad.storyboard in Resources */ = {isa = PBXBuildFile; fileRef = A9A75E3C15E9733D004BEC7D /* MainStoryboard_iPad.storyboard */; };
		A9A75E4115E9733D004BEC7D /* tbMasterVC.m in Sources */ = {isa = PBXBuildFile; fileRef = A9A75E4015E9733D004BEC7D /* tbMasterVC.m */; };
		A9A75E4415E9733D004BEC7D /* tbDetailVC.m in Sources */ = {isa = PBXBuildFile; fileRef = A9A75E4315E9733D004BEC7D /* tbDetailVC.m */; };
		A9A75E4C15E9733D004BEC7D /* SenTestingKit.framework in Frameworks */ = {isa = PBXBuildFile; fileRef = A9A75E4B15E9733D004BEC7D /* SenTestingKit.framework */; };
		A9A75E4D15E9733D004BEC7D /* UIKit.framework in Frameworks */ = {isa = PBXBuildFile; fileRef = A9A75E2715E9733D004BEC7D /* UIKit.framework */; };
		A9A75E4E15E9733D004BEC7D /* Foundation.framework in Frameworks */ = {isa = PBXBuildFile; fileRef = A9A75E2915E9733D004BEC7D /* Foundation.framework */; };
		A9A75E5615E9733D004BEC7D /* InfoPlist.strings in Resources */ = {isa = PBXBuildFile; fileRef = A9A75E5415E9733D004BEC7D /* InfoPlist.strings */; };
		A9A75E5915E9733D004BEC7D /* TestBedTests.m in Sources */ = {isa = PBXBuildFile; fileRef = A9A75E5815E9733D004BEC7D /* TestBedTests.m */; };
		A9EE641715E98A3500D5F9DC /* README.md in Resources */ = {isa = PBXBuildFile; fileRef = A9EE641615E98A3500D5F9DC /* README.md */; };
/* End PBXBuildFile section */

/* Begin PBXContainerItemProxy section */
		A9A75E4F15E9733D004BEC7D /* PBXContainerItemProxy */ = {
			isa = PBXContainerItemProxy;
			containerPortal = A9A75E1A15E9733D004BEC7D /* Project object */;
			proxyType = 1;
			remoteGlobalIDString = A9A75E2215E9733D004BEC7D;
			remoteInfo = TestBed;
		};
/* End PBXContainerItemProxy section */

/* Begin PBXFileReference section */
		A931755E15E9EDEA004FAC95 /* DLog.h */ = {isa = PBXFileReference; fileEncoding = 4; lastKnownFileType = sourcecode.c.h; path = DLog.h; sourceTree = "<group>"; };
		A931755F15E9EDEA004FAC95 /* DLog.m */ = {isa = PBXFileReference; fileEncoding = 4; lastKnownFileType = sourcecode.c.objc; path = DLog.m; sourceTree = "<group>"; };
		A93E113615EA066700133100 /* itFileVC.h */ = {isa = PBXFileReference; fileEncoding = 4; lastKnownFileType = sourcecode.c.h; path = itFileVC.h; sourceTree = "<group>"; };
		A93E113715EA066700133100 /* itFileVC.m */ = {isa = PBXFileReference; fileEncoding = 4; lastKnownFileType = sourcecode.c.objc; path = itFileVC.m; sourceTree = "<group>"; };
		A93E113815EA066700133100 /* itFileViewVC.h */ = {isa = PBXFileReference; fileEncoding = 4; lastKnownFileType = sourcecode.c.h; path = itFileViewVC.h; sourceTree = "<group>"; };
		A93E113915EA066700133100 /* itFileViewVC.m */ = {isa = PBXFileReference; fileEncoding = 4; lastKnownFileType = sourcecode.c.objc; path = itFileViewVC.m; sourceTree = "<group>"; };
		A93E113A15EA066700133100 /* itPDFVC.h */ = {isa = PBXFileReference; fileEncoding = 4; lastKnownFileType = sourcecode.c.h; path = itPDFVC.h; sourceTree = "<group>"; };
		A93E113B15EA066700133100 /* itPDFVC.m */ = {isa = PBXFileReference; fileEncoding = 4; lastKnownFileType = sourcecode.c.objc; path = itPDFVC.m; sourceTree = "<group>"; };
		A93E113C15EA066700133100 /* itVideoVC.h */ = {isa = PBXFileReference; fileEncoding = 4; lastKnownFileType = sourcecode.c.h; path = itVideoVC.h; sourceTree = "<group>"; };
		A93E113D15EA066700133100 /* itVideoVC.m */ = {isa = PBXFileReference; fileEncoding = 4; lastKnownFileType = sourcecode.c.objc; path = itVideoVC.m; sourceTree = "<group>"; };
		A93E114715EA07BD00133100 /* QuartzCore.framework */ = {isa = PBXFileReference; lastKnownFileType = wrapper.framework; name = QuartzCore.framework; path = System/Library/Frameworks/QuartzCore.framework; sourceTree = SDKROOT; };
		A93E114815EA07BD00133100 /* AVFoundation.framework */ = {isa = PBXFileReference; lastKnownFileType = wrapper.framework; name = AVFoundation.framework; path = System/Library/Frameworks/AVFoundation.framework; sourceTree = SDKROOT; };
		A93E114915EA07BD00133100 /* CoreVideo.framework */ = {isa = PBXFileReference; lastKnownFileType = wrapper.framework; name = CoreVideo.framework; path = System/Library/Frameworks/CoreVideo.framework; sourceTree = SDKROOT; };
		A93E114A15EA07BD00133100 /* CoreImage.framework */ = {isa = PBXFileReference; lastKnownFileType = wrapper.framework; name = CoreImage.framework; path = System/Library/Frameworks/CoreImage.framework; sourceTree = SDKROOT; };
		A93E114B15EA07BD00133100 /* ImageIO.framework */ = {isa = PBXFileReference; lastKnownFileType = wrapper.framework; name = ImageIO.framework; path = System/Library/Frameworks/ImageIO.framework; sourceTree = SDKROOT; };
		A9A75E2315E9733D004BEC7D /* TestBed.app */ = {isa = PBXFileReference; explicitFileType = wrapper.application; includeInIndex = 0; path = TestBed.app; sourceTree = BUILT_PRODUCTS_DIR; };
		A9A75E2715E9733D004BEC7D /* UIKit.framework */ = {isa = PBXFileReference; lastKnownFileType = wrapper.framework; name = UIKit.framework; path = System/Library/Frameworks/UIKit.framework; sourceTree = SDKROOT; };
		A9A75E2915E9733D004BEC7D /* Foundation.framework */ = {isa = PBXFileReference; lastKnownFileType = wrapper.framework; name = Foundation.framework; path = System/Library/Frameworks/Foundation.framework; sourceTree = SDKROOT; };
		A9A75E2B15E9733D004BEC7D /* CoreGraphics.framework */ = {isa = PBXFileReference; lastKnownFileType = wrapper.framework; name = CoreGraphics.framework; path = System/Library/Frameworks/CoreGraphics.framework; sourceTree = SDKROOT; };
		A9A75E2F15E9733D004BEC7D /* TestBed-Info.plist */ = {isa = PBXFileReference; lastKnownFileType = text.plist.xml; path = "TestBed-Info.plist"; sourceTree = "<group>"; };
		A9A75E3115E9733D004BEC7D /* en */ = {isa = PBXFileReference; lastKnownFileType = text.plist.strings; name = en; path = en.lproj/InfoPlist.strings; sourceTree = "<group>"; };
		A9A75E3315E9733D004BEC7D /* main.m */ = {isa = PBXFileReference; lastKnownFileType = sourcecode.c.objc; path = main.m; sourceTree = "<group>"; };
		A9A75E3515E9733D004BEC7D /* TestBed-Prefix.pch */ = {isa = PBXFileReference; lastKnownFileType = sourcecode.c.h; path = "TestBed-Prefix.pch"; sourceTree = "<group>"; };
		A9A75E3615E9733D004BEC7D /* tbAppDelegate.h */ = {isa = PBXFileReference; lastKnownFileType = sourcecode.c.h; path = tbAppDelegate.h; sourceTree = "<group>"; };
		A9A75E3715E9733D004BEC7D /* tbAppDelegate.m */ = {isa = PBXFileReference; lastKnownFileType = sourcecode.c.objc; path = tbAppDelegate.m; sourceTree = "<group>"; };
		A9A75E3A15E9733D004BEC7D /* en */ = {isa = PBXFileReference; lastKnownFileType = file.storyboard; name = en; path = en.lproj/MainStoryboard_iPhone.storyboard; sourceTree = "<group>"; };
		A9A75E3D15E9733D004BEC7D /* en */ = {isa = PBXFileReference; lastKnownFileType = file.storyboard; name = en; path = en.lproj/MainStoryboard_iPad.storyboard; sourceTree = "<group>"; };
		A9A75E3F15E9733D004BEC7D /* tbMasterVC.h */ = {isa = PBXFileReference; lastKnownFileType = sourcecode.c.h; path = tbMasterVC.h; sourceTree = "<group>"; };
		A9A75E4015E9733D004BEC7D /* tbMasterVC.m */ = {isa = PBXFileReference; lastKnownFileType = sourcecode.c.objc; path = tbMasterVC.m; sourceTree = "<group>"; };
		A9A75E4215E9733D004BEC7D /* tbDetailVC.h */ = {isa = PBXFileReference; lastKnownFileType = sourcecode.c.h; path = tbDetailVC.h; sourceTree = "<group>"; };
		A9A75E4315E9733D004BEC7D /* tbDetailVC.m */ = {isa = PBXFileReference; lastKnownFileType = sourcecode.c.objc; path = tbDetailVC.m; sourceTree = "<group>"; };
		A9A75E4A15E9733D004BEC7D /* TestBedTests.octest */ = {isa = PBXFileReference; explicitFileType = wrapper.cfbundle; includeInIndex = 0; path = TestBedTests.octest; sourceTree = BUILT_PRODUCTS_DIR; };
		A9A75E4B15E9733D004BEC7D /* SenTestingKit.framework */ = {isa = PBXFileReference; lastKnownFileType = wrapper.framework; name = SenTestingKit.framework; path = Library/Frameworks/SenTestingKit.framework; sourceTree = DEVELOPER_DIR; };
		A9A75E5315E9733D004BEC7D /* TestBedTests-Info.plist */ = {isa = PBXFileReference; lastKnownFileType = text.plist.xml; path = "TestBedTests-Info.plist"; sourceTree = "<group>"; };
		A9A75E5515E9733D004BEC7D /* en */ = {isa = PBXFileReference; lastKnownFileType = text.plist.strings; name = en; path = en.lproj/InfoPlist.strings; sourceTree = "<group>"; };
		A9A75E5715E9733D004BEC7D /* TestBedTests.h */ = {isa = PBXFileReference; lastKnownFileType = sourcecode.c.h; path = TestBedTests.h; sourceTree = "<group>"; };
		A9A75E5815E9733D004BEC7D /* TestBedTests.m */ = {isa = PBXFileReference; lastKnownFileType = sourcecode.c.objc; path = TestBedTests.m; sourceTree = "<group>"; };
		A9EE641615E98A3500D5F9DC /* README.md */ = {isa = PBXFileReference; fileEncoding = 4; lastKnownFileType = text; path = README.md; sourceTree = "<group>"; };
/* End PBXFileReference section */

/* Begin PBXFrameworksBuildPhase section */
		A9A75E2015E9733D004BEC7D /* Frameworks */ = {
			isa = PBXFrameworksBuildPhase;
			buildActionMask = 2147483647;
			files = (
				A9A75E2815E9733D004BEC7D /* UIKit.framework in Frameworks */,
				A9A75E2A15E9733D004BEC7D /* Foundation.framework in Frameworks */,
				A9A75E2C15E9733D004BEC7D /* CoreGraphics.framework in Frameworks */,
				A93E114C15EA07BD00133100 /* QuartzCore.framework in Frameworks */,
				A93E114D15EA07BD00133100 /* AVFoundation.framework in Frameworks */,
				A93E114E15EA07BD00133100 /* CoreVideo.framework in Frameworks */,
				A93E114F15EA07BD00133100 /* CoreImage.framework in Frameworks */,
				A93E115015EA07BD00133100 /* ImageIO.framework in Frameworks */,
			);
			runOnlyForDeploymentPostprocessing = 0;
		};
		A9A75E4615E9733D004BEC7D /* Frameworks */ = {
			isa = PBXFrameworksBuildPhase;
			buildActionMask = 2147483647;
			files = (
				A9A75E4C15E9733D004BEC7D /* SenTestingKit.framework in Frameworks */,
				A9A75E4D15E9733D004BEC7D /* UIKit.framework in Frameworks */,
				A9A75E4E15E9733D004BEC7D /* Foundation.framework in Frameworks */,
			);
			runOnlyForDeploymentPostprocessing = 0;
		};
/* End PBXFrameworksBuildPhase section */

/* Begin PBXGroup section */
		A93E114315EA067C00133100 /* Files */ = {
			isa = PBXGroup;
			children = (
				A93E113615EA066700133100 /* itFileVC.h */,
				A93E113715EA066700133100 /* itFileVC.m */,
				A93E113815EA066700133100 /* itFileViewVC.h */,
				A93E113915EA066700133100 /* itFileViewVC.m */,
			);
			name = Files;
			sourceTree = "<group>";
		};
		A93E114415EA068B00133100 /* PDFs */ = {
			isa = PBXGroup;
			children = (
				A93E113A15EA066700133100 /* itPDFVC.h */,
				A93E113B15EA066700133100 /* itPDFVC.m */,
			);
			name = PDFs;
			sourceTree = "<group>";
		};
		A93E114515EA069800133100 /* AV */ = {
			isa = PBXGroup;
			children = (
				A93E113C15EA066700133100 /* itVideoVC.h */,
				A93E113D15EA066700133100 /* itVideoVC.m */,
			);
			name = AV;
			sourceTree = "<group>";
		};
		A9A75E1815E9733D004BEC7D = {
			isa = PBXGroup;
			children = (
				A9A75E2D15E9733D004BEC7D /* TestBed */,
				A9A75E5115E9733D004BEC7D /* TestBedTests */,
				A9EE641615E98A3500D5F9DC /* README.md */,
				A9A75E2615E9733D004BEC7D /* Frameworks */,
				A9A75E2415E9733D004BEC7D /* Products */,
			);
			sourceTree = "<group>";
		};
		A9A75E2415E9733D004BEC7D /* Products */ = {
			isa = PBXGroup;
			children = (
				A9A75E2315E9733D004BEC7D /* TestBed.app */,
				A9A75E4A15E9733D004BEC7D /* TestBedTests.octest */,
			);
			name = Products;
			sourceTree = "<group>";
		};
		A9A75E2615E9733D004BEC7D /* Frameworks */ = {
			isa = PBXGroup;
			children = (
				A9A75E2715E9733D004BEC7D /* UIKit.framework */,
				A9A75E2915E9733D004BEC7D /* Foundation.framework */,
				A9A75E2B15E9733D004BEC7D /* CoreGraphics.framework */,
				A9A75E4B15E9733D004BEC7D /* SenTestingKit.framework */,
				A93E114715EA07BD00133100 /* QuartzCore.framework */,
				A93E114815EA07BD00133100 /* AVFoundation.framework */,
				A93E114915EA07BD00133100 /* CoreVideo.framework */,
				A93E114A15EA07BD00133100 /* CoreImage.framework */,
				A93E114B15EA07BD00133100 /* ImageIO.framework */,
			);
			name = Frameworks;
			sourceTree = "<group>";
		};
		A9A75E2D15E9733D004BEC7D /* TestBed */ = {
			isa = PBXGroup;
			children = (
				A9A75E3615E9733D004BEC7D /* tbAppDelegate.h */,
				A9A75E3715E9733D004BEC7D /* tbAppDelegate.m */,
				A931755E15E9EDEA004FAC95 /* DLog.h */,
				A931755F15E9EDEA004FAC95 /* DLog.m */,
				A9A75E3915E9733D004BEC7D /* MainStoryboard_iPhone.storyboard */,
				A9A75E3C15E9733D004BEC7D /* MainStoryboard_iPad.storyboard */,
				A9A75E3F15E9733D004BEC7D /* tbMasterVC.h */,
				A9A75E4015E9733D004BEC7D /* tbMasterVC.m */,
				A9A75E4215E9733D004BEC7D /* tbDetailVC.h */,
				A9A75E4315E9733D004BEC7D /* tbDetailVC.m */,
				A93E114315EA067C00133100 /* Files */,
				A93E114415EA068B00133100 /* PDFs */,
				A93E114515EA069800133100 /* AV */,
				A9A75E2E15E9733D004BEC7D /* Supporting Files */,
			);
			path = TestBed;
			sourceTree = "<group>";
		};
		A9A75E2E15E9733D004BEC7D /* Supporting Files */ = {
			isa = PBXGroup;
			children = (
				A9A75E2F15E9733D004BEC7D /* TestBed-Info.plist */,
				A9A75E3015E9733D004BEC7D /* InfoPlist.strings */,
				A9A75E3315E9733D004BEC7D /* main.m */,
				A9A75E3515E9733D004BEC7D /* TestBed-Prefix.pch */,
			);
			name = "Supporting Files";
			sourceTree = "<group>";
		};
		A9A75E5115E9733D004BEC7D /* TestBedTests */ = {
			isa = PBXGroup;
			children = (
				A9A75E5715E9733D004BEC7D /* TestBedTests.h */,
				A9A75E5815E9733D004BEC7D /* TestBedTests.m */,
				A9A75E5215E9733D004BEC7D /* Supporting Files */,
			);
			path = TestBedTests;
			sourceTree = "<group>";
		};
		A9A75E5215E9733D004BEC7D /* Supporting Files */ = {
			isa = PBXGroup;
			children = (
				A9A75E5315E9733D004BEC7D /* TestBedTests-Info.plist */,
				A9A75E5415E9733D004BEC7D /* InfoPlist.strings */,
			);
			name = "Supporting Files";
			sourceTree = "<group>";
		};
/* End PBXGroup section */

/* Begin PBXNativeTarget section */
		A9A75E2215E9733D004BEC7D /* TestBed */ = {
			isa = PBXNativeTarget;
			buildConfigurationList = A9A75E5C15E9733D004BEC7D /* Build configuration list for PBXNativeTarget "TestBed" */;
			buildPhases = (
				A9A75E1F15E9733D004BEC7D /* Sources */,
				A9A75E2015E9733D004BEC7D /* Frameworks */,
				A9A75E2115E9733D004BEC7D /* Resources */,
			);
			buildRules = (
			);
			dependencies = (
			);
			name = TestBed;
			productName = TestBed;
			productReference = A9A75E2315E9733D004BEC7D /* TestBed.app */;
			productType = "com.apple.product-type.application";
		};
		A9A75E4915E9733D004BEC7D /* TestBedTests */ = {
			isa = PBXNativeTarget;
			buildConfigurationList = A9A75E5F15E9733D004BEC7D /* Build configuration list for PBXNativeTarget "TestBedTests" */;
			buildPhases = (
				A9A75E4515E9733D004BEC7D /* Sources */,
				A9A75E4615E9733D004BEC7D /* Frameworks */,
				A9A75E4715E9733D004BEC7D /* Resources */,
				A9A75E4815E9733D004BEC7D /* ShellScript */,
			);
			buildRules = (
			);
			dependencies = (
				A9A75E5015E9733D004BEC7D /* PBXTargetDependency */,
			);
			name = TestBedTests;
			productName = TestBedTests;
			productReference = A9A75E4A15E9733D004BEC7D /* TestBedTests.octest */;
			productType = "com.apple.product-type.bundle";
		};
/* End PBXNativeTarget section */

/* Begin PBXProject section */
		A9A75E1A15E9733D004BEC7D /* Project object */ = {
			isa = PBXProject;
			attributes = {
				CLASSPREFIX = tb;
				LastUpgradeCheck = 0440;
				ORGANIZATIONNAME = SnoWare;
			};
			buildConfigurationList = A9A75E1D15E9733D004BEC7D /* Build configuration list for PBXProject "TestBed" */;
			compatibilityVersion = "Xcode 3.2";
			developmentRegion = English;
			hasScannedForEncodings = 0;
			knownRegions = (
				en,
			);
			mainGroup = A9A75E1815E9733D004BEC7D;
			productRefGroup = A9A75E2415E9733D004BEC7D /* Products */;
			projectDirPath = "";
			projectRoot = "";
			targets = (
				A9A75E2215E9733D004BEC7D /* TestBed */,
				A9A75E4915E9733D004BEC7D /* TestBedTests */,
			);
		};
/* End PBXProject section */

/* Begin PBXResourcesBuildPhase section */
		A9A75E2115E9733D004BEC7D /* Resources */ = {
			isa = PBXResourcesBuildPhase;
			buildActionMask = 2147483647;
			files = (
				A9A75E3215E9733D004BEC7D /* InfoPlist.strings in Resources */,
				A9A75E3B15E9733D004BEC7D /* MainStoryboard_iPhone.storyboard in Resources */,
				A9A75E3E15E9733D004BEC7D /* MainStoryboard_iPad.storyboard in Resources */,
				A9EE641715E98A3500D5F9DC /* README.md in Resources */,
			);
			runOnlyForDeploymentPostprocessing = 0;
		};
		A9A75E4715E9733D004BEC7D /* Resources */ = {
			isa = PBXResourcesBuildPhase;
			buildActionMask = 2147483647;
			files = (
				A9A75E5615E9733D004BEC7D /* InfoPlist.strings in Resources */,
			);
			runOnlyForDeploymentPostprocessing = 0;
		};
/* End PBXResourcesBuildPhase section */

/* Begin PBXShellScriptBuildPhase section */
		A9A75E4815E9733D004BEC7D /* ShellScript */ = {
			isa = PBXShellScriptBuildPhase;
			buildActionMask = 2147483647;
			files = (
			);
			inputPaths = (
			);
			outputPaths = (
			);
			runOnlyForDeploymentPostprocessing = 0;
			shellPath = /bin/sh;
			shellScript = "# Run the unit tests in this test bundle.\n\"${SYSTEM_DEVELOPER_DIR}/Tools/RunUnitTests\"\n";
		};
/* End PBXShellScriptBuildPhase section */

/* Begin PBXSourcesBuildPhase section */
		A9A75E1F15E9733D004BEC7D /* Sources */ = {
			isa = PBXSourcesBuildPhase;
			buildActionMask = 2147483647;
			files = (
				A9A75E3415E9733D004BEC7D /* main.m in Sources */,
				A9A75E3815E9733D004BEC7D /* tbAppDelegate.m in Sources */,
				A9A75E4115E9733D004BEC7D /* tbMasterVC.m in Sources */,
				A9A75E4415E9733D004BEC7D /* tbDetailVC.m in Sources */,
				A931756015E9EDEA004FAC95 /* DLog.m in Sources */,
				A93E113E15EA066700133100 /* itFileVC.m in Sources */,
				A93E113F15EA066700133100 /* itFileViewVC.m in Sources */,
				A93E114015EA066700133100 /* itPDFVC.m in Sources */,
				A93E114115EA066700133100 /* itVideoVC.m in Sources */,
			);
			runOnlyForDeploymentPostprocessing = 0;
		};
		A9A75E4515E9733D004BEC7D /* Sources */ = {
			isa = PBXSourcesBuildPhase;
			buildActionMask = 2147483647;
			files = (
				A9A75E5915E9733D004BEC7D /* TestBedTests.m in Sources */,
			);
			runOnlyForDeploymentPostprocessing = 0;
		};
/* End PBXSourcesBuildPhase section */

/* Begin PBXTargetDependency section */
		A9A75E5015E9733D004BEC7D /* PBXTargetDependency */ = {
			isa = PBXTargetDependency;
			target = A9A75E2215E9733D004BEC7D /* TestBed */;
			targetProxy = A9A75E4F15E9733D004BEC7D /* PBXContainerItemProxy */;
		};
/* End PBXTargetDependency section */

/* Begin PBXVariantGroup section */
		A9A75E3015E9733D004BEC7D /* InfoPlist.strings */ = {
			isa = PBXVariantGroup;
			children = (
				A9A75E3115E9733D004BEC7D /* en */,
			);
			name = InfoPlist.strings;
			sourceTree = "<group>";
		};
		A9A75E3915E9733D004BEC7D /* MainStoryboard_iPhone.storyboard */ = {
			isa = PBXVariantGroup;
			children = (
				A9A75E3A15E9733D004BEC7D /* en */,
			);
			name = MainStoryboard_iPhone.storyboard;
			sourceTree = "<group>";
		};
		A9A75E3C15E9733D004BEC7D /* MainStoryboard_iPad.storyboard */ = {
			isa = PBXVariantGroup;
			children = (
				A9A75E3D15E9733D004BEC7D /* en */,
			);
			name = MainStoryboard_iPad.storyboard;
			sourceTree = "<group>";
		};
		A9A75E5415E9733D004BEC7D /* InfoPlist.strings */ = {
			isa = PBXVariantGroup;
			children = (
				A9A75E5515E9733D004BEC7D /* en */,
			);
			name = InfoPlist.strings;
			sourceTree = "<group>";
		};
/* End PBXVariantGroup section */

/* Begin XCBuildConfiguration section */
		A9A75E5A15E9733D004BEC7D /* Debug */ = {
			isa = XCBuildConfiguration;
			buildSettings = {
				ALWAYS_SEARCH_USER_PATHS = NO;
				ARCHS = "$(ARCHS_STANDARD_32_BIT)";
				CLANG_CXX_LANGUAGE_STANDARD = "gnu++0x";
				CLANG_ENABLE_OBJC_ARC = YES;
				CLANG_WARN__DUPLICATE_METHOD_MATCH = YES;
				"CODE_SIGN_IDENTITY[sdk=iphoneos*]" = "iPhone Developer";
				COPY_PHASE_STRIP = NO;
				GCC_C_LANGUAGE_STANDARD = gnu99;
				GCC_DYNAMIC_NO_PIC = NO;
				GCC_OPTIMIZATION_LEVEL = 0;
				GCC_PREPROCESSOR_DEFINITIONS = (
					"DEBUG=1",
					"$(inherited)",
				);
				GCC_SYMBOLS_PRIVATE_EXTERN = NO;
				GCC_VERSION = com.apple.compilers.llvm.clang.1_0;
				GCC_WARN_ABOUT_RETURN_TYPE = YES;
				GCC_WARN_UNINITIALIZED_AUTOS = YES;
				GCC_WARN_UNUSED_VARIABLE = YES;
				IPHONEOS_DEPLOYMENT_TARGET = 5.0;
				SDKROOT = iphoneos;
				TARGETED_DEVICE_FAMILY = "1,2";
			};
			name = Debug;
		};
		A9A75E5B15E9733D004BEC7D /* Release */ = {
			isa = XCBuildConfiguration;
			buildSettings = {
				ALWAYS_SEARCH_USER_PATHS = NO;
				ARCHS = "$(ARCHS_STANDARD_32_BIT)";
				CLANG_CXX_LANGUAGE_STANDARD = "gnu++0x";
				CLANG_ENABLE_OBJC_ARC = YES;
				CLANG_WARN__DUPLICATE_METHOD_MATCH = YES;
				"CODE_SIGN_IDENTITY[sdk=iphoneos*]" = "iPhone Developer";
				COPY_PHASE_STRIP = YES;
				GCC_C_LANGUAGE_STANDARD = gnu99;
				GCC_VERSION = com.apple.compilers.llvm.clang.1_0;
				GCC_WARN_ABOUT_RETURN_TYPE = YES;
				GCC_WARN_UNINITIALIZED_AUTOS = YES;
				GCC_WARN_UNUSED_VARIABLE = YES;
				IPHONEOS_DEPLOYMENT_TARGET = 5.0;
				OTHER_CFLAGS = "-DNS_BLOCK_ASSERTIONS=1";
				SDKROOT = iphoneos;
				TARGETED_DEVICE_FAMILY = "1,2";
				VALIDATE_PRODUCT = YES;
			};
			name = Release;
		};
		A9A75E5D15E9733D004BEC7D /* Debug */ = {
			isa = XCBuildConfiguration;
			buildSettings = {
				GCC_PRECOMPILE_PREFIX_HEADER = YES;
				GCC_PREFIX_HEADER = "TestBed/TestBed-Prefix.pch";
				INFOPLIST_FILE = "TestBed/TestBed-Info.plist";
				IPHONEOS_DEPLOYMENT_TARGET = 5.0;
				PRODUCT_NAME = "$(TARGET_NAME)";
				WRAPPER_EXTENSION = app;
			};
			name = Debug;
		};
		A9A75E5E15E9733D004BEC7D /* Release */ = {
			isa = XCBuildConfiguration;
			buildSettings = {
				GCC_PRECOMPILE_PREFIX_HEADER = YES;
				GCC_PREFIX_HEADER = "TestBed/TestBed-Prefix.pch";
				INFOPLIST_FILE = "TestBed/TestBed-Info.plist";
				IPHONEOS_DEPLOYMENT_TARGET = 5.0;
				PRODUCT_NAME = "$(TARGET_NAME)";
				WRAPPER_EXTENSION = app;
			};
			name = Release;
		};
		A9A75E6015E9733D004BEC7D /* Debug */ = {
			isa = XCBuildConfiguration;
			buildSettings = {
				BUNDLE_LOADER = "$(BUILT_PRODUCTS_DIR)/TestBed.app/TestBed";
				FRAMEWORK_SEARCH_PATHS = (
					"\"$(SDKROOT)/Developer/Library/Frameworks\"",
					"\"$(DEVELOPER_LIBRARY_DIR)/Frameworks\"",
				);
				GCC_PRECOMPILE_PREFIX_HEADER = YES;
				GCC_PREFIX_HEADER = "TestBed/TestBed-Prefix.pch";
				INFOPLIST_FILE = "TestBedTests/TestBedTests-Info.plist";
				PRODUCT_NAME = "$(TARGET_NAME)";
				TEST_HOST = "$(BUNDLE_LOADER)";
				WRAPPER_EXTENSION = octest;
			};
			name = Debug;
		};
		A9A75E6115E9733D004BEC7D /* Release */ = {
			isa = XCBuildConfiguration;
			buildSettings = {
				BUNDLE_LOADER = "$(BUILT_PRODUCTS_DIR)/TestBed.app/TestBed";
				FRAMEWORK_SEARCH_PATHS = (
					"\"$(SDKROOT)/Developer/Library/Frameworks\"",
					"\"$(DEVELOPER_LIBRARY_DIR)/Frameworks\"",
				);
				GCC_PRECOMPILE_PREFIX_HEADER = YES;
				GCC_PREFIX_HEADER = "TestBed/TestBed-Prefix.pch";
				INFOPLIST_FILE = "TestBedTests/TestBedTests-Info.plist";
				PRODUCT_NAME = "$(TARGET_NAME)";
				TEST_HOST = "$(BUNDLE_LOADER)";
				WRAPPER_EXTENSION = octest;
			};
			name = Release;
		};
/* End XCBuildConfiguration section */

/* Begin XCConfigurationList section */
		A9A75E1D15E9733D004BEC7D /* Build configuration list for PBXProject "TestBed" */ = {
			isa = XCConfigurationList;
			buildConfigurations = (
				A9A75E5A15E9733D004BEC7D /* Debug */,
				A9A75E5B15E9733D004BEC7D /* Release */,
			);
			defaultConfigurationIsVisible = 0;
			defaultConfigurationName = Release;
		};
		A9A75E5C15E9733D004BEC7D /* Build configuration list for PBXNativeTarget "TestBed" */ = {
			isa = XCConfigurationList;
			buildConfigurations = (
				A9A75E5D15E9733D004BEC7D /* Debug */,
				A9A75E5E15E9733D004BEC7D /* Release */,
			);
			defaultConfigurationIsVisible = 0;
			defaultConfigurationName = Release;
		};
		A9A75E5F15E9733D004BEC7D /* Build configuration list for PBXNativeTarget "TestBedTests" */ = {
			isa = XCConfigurationList;
			buildConfigurations = (
				A9A75E6015E9733D004BEC7D /* Debug */,
				A9A75E6115E9733D004BEC7D /* Release */,
			);
			defaultConfigurationIsVisible = 0;
			defaultConfigurationName = Release;
		};
/* End XCConfigurationList section */
	};
	rootObject = A9A75E1A15E9733D004BEC7D /* Project object */;
}
